
Microsoft Visual Studio Solution File, Format Version 12.00
# Visual Studio Version 16
VisualStudioVersion = 16.0.31005.135
MinimumVisualStudioVersion = 10.0.40219.1
Project("{FAE04EC0-301F-11D3-BF4B-00C04F79EFBC}") = "LinkAdd", "LinkAdd\LinkAdd.csproj", "{B557E036-C5E6-44D3-BE7D-3C0C0CEF659B}"
EndProject
Global
	GlobalSection(SolutionConfigurationPlatforms) = preSolution
		Debug|Any CPU = Debug|Any CPU
		Release|Any CPU = Release|Any CPU
	EndGlobalSection
	GlobalSection(ProjectConfigurationPlatforms) = postSolution
		{B557E036-C5E6-44D3-BE7D-3C0C0CEF659B}.Debug|Any CPU.ActiveCfg = Debug|Any CPU
		{B557E036-C5E6-44D3-BE7D-3C0C0CEF659B}.Debug|Any CPU.Build.0 = Debug|Any CPU
		{B557E036-C5E6-44D3-BE7D-3C0C0CEF659B}.Release|Any CPU.ActiveCfg = Release|Any CPU
		{B557E036-C5E6-44D3-BE7D-3C0C0CEF659B}.Release|Any CPU.Build.0 = Release|Any CPU
	EndGlobalSection
	GlobalSection(SolutionProperties) = preSolution
		HideSolutionNode = FALSE
	EndGlobalSection
	GlobalSection(ExtensibilityGlobals) = postSolution
		SolutionGuid = {DE1171F5-9329-46E7-8A2B-FCABCC8FD8F1}
	EndGlobalSection
EndGlobal
